
Microsoft Visual Studio Solution File, Format Version 12.00
# Visual Studio Version 17
VisualStudioVersion = 17.4.33213.308
MinimumVisualStudioVersion = 10.0.40219.1
Project("{FAE04EC0-301F-11D3-BF4B-00C04F79EFBC}") = "EntityRelationship", "EntityRelationship\EntityRelationship.csproj", "{B78DDEAB-F339-4E3D-A084-9EAD6EBC4AA4}"
EndProject
Global
	GlobalSection(SolutionConfigurationPlatforms) = preSolution
		Debug|Any CPU = Debug|Any CPU
		Release|Any CPU = Release|Any CPU
	EndGlobalSection
	GlobalSection(ProjectConfigurationPlatforms) = postSolution
		{B78DDEAB-F339-4E3D-A084-9EAD6EBC4AA4}.Debug|Any CPU.ActiveCfg = Debug|Any CPU
		{B78DDEAB-F339-4E3D-A084-9EAD6EBC4AA4}.Debug|Any CPU.Build.0 = Debug|Any CPU
		{B78DDEAB-F339-4E3D-A084-9EAD6EBC4AA4}.Release|Any CPU.ActiveCfg = Release|Any CPU
		{B78DDEAB-F339-4E3D-A084-9EAD6EBC4AA4}.Release|Any CPU.Build.0 = Release|Any CPU
	EndGlobalSection
	GlobalSection(SolutionProperties) = preSolution
		HideSolutionNode = FALSE
	EndGlobalSection
	GlobalSection(ExtensibilityGlobals) = postSolution
		SolutionGuid = {F1F2439E-FD1A-4516-98B8-898C9EC13D74}
	EndGlobalSection
EndGlobal
